// !$*UTF8*$!
{
	archiveVersion = 1;
	classes = {
	};
	objectVersion = 77;
	objects = {

/* Begin PBXBuildFile section */
		A40000000000000000000001 /* GymLockScreenTimeShared.swift in Sources */ = {isa = PBXBuildFile; fileRef = A30000000000000000000001 /* GymLockScreenTimeShared.swift */; };
		A40000000000000000000002 /* GymLockFamilySelection.swift in Sources */ = {isa = PBXBuildFile; fileRef = A30000000000000000000002 /* GymLockFamilySelection.swift */; };
		A40000000000000000000003 /* GymLockScreenTimeShared.swift in Sources */ = {isa = PBXBuildFile; fileRef = A30000000000000000000001 /* GymLockScreenTimeShared.swift */; };
		A40000000000000000000004 /* GymLockFamilySelection.swift in Sources */ = {isa = PBXBuildFile; fileRef = A30000000000000000000002 /* GymLockFamilySelection.swift */; };
		A40000000000000000000005 /* GymLockNightMonitorExtension.swift in Sources */ = {isa = PBXBuildFile; fileRef = A30000000000000000000003 /* GymLockNightMonitorExtension.swift */; };
		A40000000000000000000006 /* GymLockScreenTimeShared.swift in Sources */ = {isa = PBXBuildFile; fileRef = A30000000000000000000001 /* GymLockScreenTimeShared.swift */; };
		A40000000000000000000007 /* GymLockShieldActionExtension.swift in Sources */ = {isa = PBXBuildFile; fileRef = A30000000000000000000006 /* GymLockShieldActionExtension.swift */; };
		A40000000000000000000008 /* GymLockScreenTimeShared.swift in Sources */ = {isa = PBXBuildFile; fileRef = A30000000000000000000001 /* GymLockScreenTimeShared.swift */; };
		A40000000000000000000009 /* GymLockShieldConfigExtension.swift in Sources */ = {isa = PBXBuildFile; fileRef = A30000000000000000000009 /* GymLockShieldConfigExtension.swift */; };
		A4000000000000000000000A /* GymLockNightMonitor.appex in Embed App Extensions */ = {isa = PBXBuildFile; fileRef = A10000000000000000000001 /* GymLockNightMonitor.appex */; settings = {ATTRIBUTES = (RemoveHeadersOnCopy, CodeSignOnCopy, ); }; };
		A4000000000000000000000B /* GymLockShieldAction.appex in Embed App Extensions */ = {isa = PBXBuildFile; fileRef = A10000000000000000000002 /* GymLockShieldAction.appex */; settings = {ATTRIBUTES = (RemoveHeadersOnCopy, CodeSignOnCopy, ); }; };
		A4000000000000000000000C /* GymLockShieldConfig.appex in Embed App Extensions */ = {isa = PBXBuildFile; fileRef = A10000000000000000000003 /* GymLockShieldConfig.appex */; settings = {ATTRIBUTES = (RemoveHeadersOnCopy, CodeSignOnCopy, ); }; };
		XXC41916AC08E635BA2E2DXX /* Lottie in Frameworks */ = {isa = PBXBuildFile; productRef = XX30BBD55DD0E71B396877XX /* Lottie */; };
/* End PBXBuildFile section */

/* Begin PBXCopyFilesBuildPhase section */
		A5000000000000000000000A /* Embed App Extensions */ = {
			isa = PBXCopyFilesBuildPhase;
			buildActionMask = 2147483647;
			dstPath = "";
			dstSubfolderSpec = 13;
			files = (
				A4000000000000000000000A /* GymLockNightMonitor.appex in Embed App Extensions */,
				A4000000000000000000000B /* GymLockShieldAction.appex in Embed App Extensions */,
				A4000000000000000000000C /* GymLockShieldConfig.appex in Embed App Extensions */,
			);
			name = "Embed App Extensions";
			runOnlyForDeploymentPostprocessing = 0;
		};
/* End PBXCopyFilesBuildPhase section */

/* Begin PBXContainerItemProxy section */
		A90000000000000000000001 /* PBXContainerItemProxy */ = {
			isa = PBXContainerItemProxy;
			containerPortal = 105FC5722E9EAD3100EA8BCF /* Project object */;
			proxyType = 1;
			remoteGlobalIDString = A60000000000000000000001;
			remoteInfo = GymLockNightMonitor;
		};
		A90000000000000000000002 /* PBXContainerItemProxy */ = {
			isa = PBXContainerItemProxy;
			containerPortal = 105FC5722E9EAD3100EA8BCF /* Project object */;
			proxyType = 1;
			remoteGlobalIDString = A60000000000000000000002;
			remoteInfo = GymLockShieldAction;
		};
		A90000000000000000000003 /* PBXContainerItemProxy */ = {
			isa = PBXContainerItemProxy;
			containerPortal = 105FC5722E9EAD3100EA8BCF /* Project object */;
			proxyType = 1;
			remoteGlobalIDString = A60000000000000000000003;
			remoteInfo = GymLockShieldConfig;
		};
		105FC58A2E9EAD3200EA8BCF /* PBXContainerItemProxy */ = {
			isa = PBXContainerItemProxy;
			containerPortal = 105FC5722E9EAD3100EA8BCF /* Project object */;
			proxyType = 1;
			remoteGlobalIDString = 105FC5792E9EAD3100EA8BCF;
			remoteInfo = GymLock;
		};
		105FC5942E9EAD3200EA8BCF /* PBXContainerItemProxy */ = {
			isa = PBXContainerItemProxy;
			containerPortal = 105FC5722E9EAD3100EA8BCF /* Project object */;
			proxyType = 1;
			remoteGlobalIDString = 105FC5792E9EAD3100EA8BCF;
			remoteInfo = GymLock;
		};
/* End PBXContainerItemProxy section */

/* Begin PBXFileReference section */
		A10000000000000000000001 /* GymLockNightMonitor.appex */ = {isa = PBXFileReference; explicitFileType = "wrapper.app-extension"; includeInIndex = 0; path = GymLockNightMonitor.appex; sourceTree = BUILT_PRODUCTS_DIR; };
		A10000000000000000000002 /* GymLockShieldAction.appex */ = {isa = PBXFileReference; explicitFileType = "wrapper.app-extension"; includeInIndex = 0; path = GymLockShieldAction.appex; sourceTree = BUILT_PRODUCTS_DIR; };
		A10000000000000000000003 /* GymLockShieldConfig.appex */ = {isa = PBXFileReference; explicitFileType = "wrapper.app-extension"; includeInIndex = 0; path = GymLockShieldConfig.appex; sourceTree = BUILT_PRODUCTS_DIR; };
		A30000000000000000000001 /* GymLockScreenTimeShared.swift */ = {isa = PBXFileReference; lastKnownFileType = sourcecode.swift; path = GymLockScreenTimeShared.swift; sourceTree = "<group>"; };
		A30000000000000000000002 /* GymLockFamilySelection.swift */ = {isa = PBXFileReference; lastKnownFileType = sourcecode.swift; path = GymLockFamilySelection.swift; sourceTree = "<group>"; };
		A30000000000000000000003 /* GymLockNightMonitorExtension.swift */ = {isa = PBXFileReference; lastKnownFileType = sourcecode.swift; path = GymLockNightMonitorExtension.swift; sourceTree = "<group>"; };
		A30000000000000000000004 /* Info.plist */ = {isa = PBXFileReference; lastKnownFileType = text.plist.xml; path = Info.plist; sourceTree = "<group>"; };
		A30000000000000000000005 /* GymLockNightMonitor.entitlements */ = {isa = PBXFileReference; lastKnownFileType = text.plist.entitlements; path = GymLockNightMonitor.entitlements; sourceTree = "<group>"; };
		A30000000000000000000006 /* GymLockShieldActionExtension.swift */ = {isa = PBXFileReference; lastKnownFileType = sourcecode.swift; path = GymLockShieldActionExtension.swift; sourceTree = "<group>"; };
		A30000000000000000000007 /* Info.plist */ = {isa = PBXFileReference; lastKnownFileType = text.plist.xml; path = Info.plist; sourceTree = "<group>"; };
		A30000000000000000000008 /* GymLockShieldAction.entitlements */ = {isa = PBXFileReference; lastKnownFileType = text.plist.entitlements; path = GymLockShieldAction.entitlements; sourceTree = "<group>"; };
		A30000000000000000000009 /* GymLockShieldConfigExtension.swift */ = {isa = PBXFileReference; lastKnownFileType = sourcecode.swift; path = GymLockShieldConfigExtension.swift; sourceTree = "<group>"; };
		A3000000000000000000000A /* Info.plist */ = {isa = PBXFileReference; lastKnownFileType = text.plist.xml; path = Info.plist; sourceTree = "<group>"; };
		A3000000000000000000000B /* GymLockShieldConfig.entitlements */ = {isa = PBXFileReference; lastKnownFileType = text.plist.entitlements; path = GymLockShieldConfig.entitlements; sourceTree = "<group>"; };
		105FC57A2E9EAD3100EA8BCF /* GymLock.app */ = {isa = PBXFileReference; explicitFileType = wrapper.application; includeInIndex = 0; path = GymLock.app; sourceTree = BUILT_PRODUCTS_DIR; };
		105FC5892E9EAD3200EA8BCF /* GymLockTests.xctest */ = {isa = PBXFileReference; explicitFileType = wrapper.cfbundle; includeInIndex = 0; path = GymLockTests.xctest; sourceTree = BUILT_PRODUCTS_DIR; };
		105FC5932E9EAD3200EA8BCF /* GymLockUITests.xctest */ = {isa = PBXFileReference; explicitFileType = wrapper.cfbundle; includeInIndex = 0; path = GymLockUITests.xctest; sourceTree = BUILT_PRODUCTS_DIR; };
/* End PBXFileReference section */

/* Begin PBXFileSystemSynchronizedRootGroup section */
		105FC57C2E9EAD3100EA8BCF /* GymLock */ = {
			isa = PBXFileSystemSynchronizedRootGroup;
			path = GymLock;
			sourceTree = "<group>";
		};
		105FC58C2E9EAD3200EA8BCF /* GymLockTests */ = {
			isa = PBXFileSystemSynchronizedRootGroup;
			path = GymLockTests;
			sourceTree = "<group>";
		};
		105FC5962E9EAD3200EA8BCF /* GymLockUITests */ = {
			isa = PBXFileSystemSynchronizedRootGroup;
			path = GymLockUITests;
			sourceTree = "<group>";
		};
/* End PBXFileSystemSynchronizedRootGroup section */

/* Begin PBXFrameworksBuildPhase section */
		A50000000000000000000002 /* Frameworks */ = {
			isa = PBXFrameworksBuildPhase;
			buildActionMask = 2147483647;
			files = (
			);
			runOnlyForDeploymentPostprocessing = 0;
		};
		A50000000000000000000005 /* Frameworks */ = {
			isa = PBXFrameworksBuildPhase;
			buildActionMask = 2147483647;
			files = (
			);
			runOnlyForDeploymentPostprocessing = 0;
		};
		A50000000000000000000008 /* Frameworks */ = {
			isa = PBXFrameworksBuildPhase;
			buildActionMask = 2147483647;
			files = (
			);
			runOnlyForDeploymentPostprocessing = 0;
		};
		105FC5772E9EAD3100EA8BCF /* Frameworks */ = {
			isa = PBXFrameworksBuildPhase;
			buildActionMask = 2147483647;
			files = (
				XXC41916AC08E635BA2E2DXX /* Lottie in Frameworks */,
			);
			runOnlyForDeploymentPostprocessing = 0;
		};
		105FC5862E9EAD3200EA8BCF /* Frameworks */ = {
			isa = PBXFrameworksBuildPhase;
			buildActionMask = 2147483647;
			files = (
			);
			runOnlyForDeploymentPostprocessing = 0;
		};
		105FC5902E9EAD3200EA8BCF /* Frameworks */ = {
			isa = PBXFrameworksBuildPhase;
			buildActionMask = 2147483647;
			files = (
			);
			runOnlyForDeploymentPostprocessing = 0;
		};
/* End PBXFrameworksBuildPhase section */

/* Begin PBXGroup section */
		A20000000000000000000001 /* ScreenTimeShared */ = {
			isa = PBXGroup;
			children = (
				A30000000000000000000001 /* GymLockScreenTimeShared.swift */,
				A30000000000000000000002 /* GymLockFamilySelection.swift */,
			);
			path = ScreenTimeShared;
			sourceTree = "<group>";
		};
		A20000000000000000000002 /* GymLockNightMonitor */ = {
			isa = PBXGroup;
			children = (
				A30000000000000000000003 /* GymLockNightMonitorExtension.swift */,
				A30000000000000000000004 /* Info.plist */,
				A30000000000000000000005 /* GymLockNightMonitor.entitlements */,
			);
			path = GymLockNightMonitor;
			sourceTree = "<group>";
		};
		A20000000000000000000003 /* GymLockShieldAction */ = {
			isa = PBXGroup;
			children = (
				A30000000000000000000006 /* GymLockShieldActionExtension.swift */,
				A30000000000000000000007 /* Info.plist */,
				A30000000000000000000008 /* GymLockShieldAction.entitlements */,
			);
			path = GymLockShieldAction;
			sourceTree = "<group>";
		};
		A20000000000000000000004 /* GymLockShieldConfig */ = {
			isa = PBXGroup;
			children = (
				A30000000000000000000009 /* GymLockShieldConfigExtension.swift */,
				A3000000000000000000000A /* Info.plist */,
				A3000000000000000000000B /* GymLockShieldConfig.entitlements */,
			);
			path = GymLockShieldConfig;
			sourceTree = "<group>";
		};
		105FC5712E9EAD3100EA8BCF = {
			isa = PBXGroup;
			children = (
				105FC57C2E9EAD3100EA8BCF /* GymLock */,
				A20000000000000000000001 /* ScreenTimeShared */,
				A20000000000000000000002 /* GymLockNightMonitor */,
				A20000000000000000000003 /* GymLockShieldAction */,
				A20000000000000000000004 /* GymLockShieldConfig */,
				105FC58C2E9EAD3200EA8BCF /* GymLockTests */,
				105FC5962E9EAD3200EA8BCF /* GymLockUITests */,
				105FC57B2E9EAD3100EA8BCF /* Products */,
			);
			sourceTree = "<group>";
		};
		105FC57B2E9EAD3100EA8BCF /* Products */ = {
			isa = PBXGroup;
			children = (
				105FC57A2E9EAD3100EA8BCF /* GymLock.app */,
				A10000000000000000000001 /* GymLockNightMonitor.appex */,
				A10000000000000000000002 /* GymLockShieldAction.appex */,
				A10000000000000000000003 /* GymLockShieldConfig.appex */,
				105FC5892E9EAD3200EA8BCF /* GymLockTests.xctest */,
				105FC5932E9EAD3200EA8BCF /* GymLockUITests.xctest */,
			);
			name = Products;
			sourceTree = "<group>";
		};
/* End PBXGroup section */

/* Begin PBXNativeTarget section */
		A60000000000000000000001 /* GymLockNightMonitor */ = {
			isa = PBXNativeTarget;
			buildConfigurationList = A80000000000000000000001 /* Build configuration list for PBXNativeTarget "GymLockNightMonitor" */;
			buildPhases = (
				A50000000000000000000001 /* Sources */,
				A50000000000000000000002 /* Frameworks */,
				A50000000000000000000003 /* Resources */,
			);
			buildRules = (
			);
			dependencies = (
			);
			name = GymLockNightMonitor;
			packageProductDependencies = (
			);
			productName = GymLockNightMonitor;
			productReference = A10000000000000000000001 /* GymLockNightMonitor.appex */;
			productType = "com.apple.product-type.app-extension";
		};
		A60000000000000000000002 /* GymLockShieldAction */ = {
			isa = PBXNativeTarget;
			buildConfigurationList = A80000000000000000000002 /* Build configuration list for PBXNativeTarget "GymLockShieldAction" */;
			buildPhases = (
				A50000000000000000000004 /* Sources */,
				A50000000000000000000005 /* Frameworks */,
				A50000000000000000000006 /* Resources */,
			);
			buildRules = (
			);
			dependencies = (
			);
			name = GymLockShieldAction;
			packageProductDependencies = (
			);
			productName = GymLockShieldAction;
			productReference = A10000000000000000000002 /* GymLockShieldAction.appex */;
			productType = "com.apple.product-type.app-extension";
		};
		A60000000000000000000003 /* GymLockShieldConfig */ = {
			isa = PBXNativeTarget;
			buildConfigurationList = A80000000000000000000003 /* Build configuration list for PBXNativeTarget "GymLockShieldConfig" */;
			buildPhases = (
				A50000000000000000000007 /* Sources */,
				A50000000000000000000008 /* Frameworks */,
				A50000000000000000000009 /* Resources */,
			);
			buildRules = (
			);
			dependencies = (
			);
			name = GymLockShieldConfig;
			packageProductDependencies = (
			);
			productName = GymLockShieldConfig;
			productReference = A10000000000000000000003 /* GymLockShieldConfig.appex */;
			productType = "com.apple.product-type.app-extension";
		};
		105FC5792E9EAD3100EA8BCF /* GymLock */ = {
			isa = PBXNativeTarget;
			buildConfigurationList = 105FC59D2E9EAD3200EA8BCF /* Build configuration list for PBXNativeTarget "GymLock" */;
			buildPhases = (
				105FC5762E9EAD3100EA8BCF /* Sources */,
				105FC5772E9EAD3100EA8BCF /* Frameworks */,
				105FC5782E9EAD3100EA8BCF /* Resources */,
				A5000000000000000000000A /* Embed App Extensions */,
			);
			buildRules = (
			);
			dependencies = (
				AA0000000000000000000001 /* PBXTargetDependency */,
				AA0000000000000000000002 /* PBXTargetDependency */,
				AA0000000000000000000003 /* PBXTargetDependency */,
			);
			fileSystemSynchronizedGroups = (
				105FC57C2E9EAD3100EA8BCF /* GymLock */,
			);
			name = GymLock;
			packageProductDependencies = (
				XX30BBD55DD0E71B396877XX /* Lottie */,
			);
			productName = GymLock;
			productReference = 105FC57A2E9EAD3100EA8BCF /* GymLock.app */;
			productType = "com.apple.product-type.application";
		};
		105FC5882E9EAD3200EA8BCF /* GymLockTests */ = {
			isa = PBXNativeTarget;
			buildConfigurationList = 105FC5A02E9EAD3200EA8BCF /* Build configuration list for PBXNativeTarget "GymLockTests" */;
			buildPhases = (
				105FC5852E9EAD3200EA8BCF /* Sources */,
				105FC5862E9EAD3200EA8BCF /* Frameworks */,
				105FC5872E9EAD3200EA8BCF /* Resources */,
			);
			buildRules = (
			);
			dependencies = (
				105FC58B2E9EAD3200EA8BCF /* PBXTargetDependency */,
			);
			fileSystemSynchronizedGroups = (
				105FC58C2E9EAD3200EA8BCF /* GymLockTests */,
			);
			name = GymLockTests;
			packageProductDependencies = (
			);
			productName = GymLockTests;
			productReference = 105FC5892E9EAD3200EA8BCF /* GymLockTests.xctest */;
			productType = "com.apple.product-type.bundle.unit-test";
		};
		105FC5922E9EAD3200EA8BCF /* GymLockUITests */ = {
			isa = PBXNativeTarget;
			buildConfigurationList = 105FC5A32E9EAD3200EA8BCF /* Build configuration list for PBXNativeTarget "GymLockUITests" */;
			buildPhases = (
				105FC58F2E9EAD3200EA8BCF /* Sources */,
				105FC5902E9EAD3200EA8BCF /* Frameworks */,
				105FC5912E9EAD3200EA8BCF /* Resources */,
			);
			buildRules = (
			);
			dependencies = (
				105FC5952E9EAD3200EA8BCF /* PBXTargetDependency */,
			);
			fileSystemSynchronizedGroups = (
				105FC5962E9EAD3200EA8BCF /* GymLockUITests */,
			);
			name = GymLockUITests;
			packageProductDependencies = (
			);
			productName = GymLockUITests;
			productReference = 105FC5932E9EAD3200EA8BCF /* GymLockUITests.xctest */;
			productType = "com.apple.product-type.bundle.ui-testing";
		};
/* End PBXNativeTarget section */

/* Begin PBXProject section */
		105FC5722E9EAD3100EA8BCF /* Project object */ = {
			isa = PBXProject;
			attributes = {
				BuildIndependentTargetsInParallel = 1;
				LastSwiftUpdateCheck = 2600;
				LastUpgradeCheck = 2600;
				TargetAttributes = {
					A60000000000000000000001 = {
						CreatedOnToolsVersion = 27.0;
						ProvisioningStyle = Automatic;
					};
					A60000000000000000000002 = {
						CreatedOnToolsVersion = 27.0;
						ProvisioningStyle = Automatic;
					};
					A60000000000000000000003 = {
						CreatedOnToolsVersion = 27.0;
						ProvisioningStyle = Automatic;
					};
					105FC5792E9EAD3100EA8BCF = {
						CreatedOnToolsVersion = 26.0;
						ProvisioningStyle = Automatic;
					};
					105FC5882E9EAD3200EA8BCF = {
						CreatedOnToolsVersion = 26.0;
						TestTargetID = 105FC5792E9EAD3100EA8BCF;
					};
					105FC5922E9EAD3200EA8BCF = {
						CreatedOnToolsVersion = 26.0;
						TestTargetID = 105FC5792E9EAD3100EA8BCF;
					};
				};
			};
			buildConfigurationList = 105FC5752E9EAD3100EA8BCF /* Build configuration list for PBXProject "GymLock" */;
			developmentRegion = en;
			hasScannedForEncodings = 0;
			knownRegions = (
				en,
				Base,
			);
			mainGroup = 105FC5712E9EAD3100EA8BCF;
			minimizedProjectReferenceProxies = 1;
			preferredProjectObjectVersion = 77;
			productRefGroup = 105FC57B2E9EAD3100EA8BCF /* Products */;
			projectDirPath = "";
			projectRoot = "";
			targets = (
				105FC5792E9EAD3100EA8BCF /* GymLock */,
				A60000000000000000000001 /* GymLockNightMonitor */,
				A60000000000000000000002 /* GymLockShieldAction */,
				A60000000000000000000003 /* GymLockShieldConfig */,
				105FC5882E9EAD3200EA8BCF /* GymLockTests */,
				105FC5922E9EAD3200EA8BCF /* GymLockUITests */,
			);
			packageReferences = (
				XX6657FBB816B04B4E1648XX /* XCRemoteSwiftPackageReference "lottie-ios" */,
			);
		};
/* End PBXProject section */

/* Begin PBXResourcesBuildPhase section */
		A50000000000000000000003 /* Resources */ = {
			isa = PBXResourcesBuildPhase;
			buildActionMask = 2147483647;
			files = (
			);
			runOnlyForDeploymentPostprocessing = 0;
		};
		A50000000000000000000006 /* Resources */ = {
			isa = PBXResourcesBuildPhase;
			buildActionMask = 2147483647;
			files = (
			);
			runOnlyForDeploymentPostprocessing = 0;
		};
		A50000000000000000000009 /* Resources */ = {
			isa = PBXResourcesBuildPhase;
			buildActionMask = 2147483647;
			files = (
			);
			runOnlyForDeploymentPostprocessing = 0;
		};
		105FC5782E9EAD3100EA8BCF /* Resources */ = {
			isa = PBXResourcesBuildPhase;
			buildActionMask = 2147483647;
			files = (
			);
			runOnlyForDeploymentPostprocessing = 0;
		};
		105FC5872E9EAD3200EA8BCF /* Resources */ = {
			isa = PBXResourcesBuildPhase;
			buildActionMask = 2147483647;
			files = (
			);
			runOnlyForDeploymentPostprocessing = 0;
		};
		105FC5912E9EAD3200EA8BCF /* Resources */ = {
			isa = PBXResourcesBuildPhase;
			buildActionMask = 2147483647;
			files = (
			);
			runOnlyForDeploymentPostprocessing = 0;
		};
/* End PBXResourcesBuildPhase section */

/* Begin PBXSourcesBuildPhase section */
		A50000000000000000000001 /* Sources */ = {
			isa = PBXSourcesBuildPhase;
			buildActionMask = 2147483647;
			files = (
				A40000000000000000000003 /* GymLockScreenTimeShared.swift in Sources */,
				A40000000000000000000004 /* GymLockFamilySelection.swift in Sources */,
				A40000000000000000000005 /* GymLockNightMonitorExtension.swift in Sources */,
			);
			runOnlyForDeploymentPostprocessing = 0;
		};
		A50000000000000000000004 /* Sources */ = {
			isa = PBXSourcesBuildPhase;
			buildActionMask = 2147483647;
			files = (
				A40000000000000000000006 /* GymLockScreenTimeShared.swift in Sources */,
				A40000000000000000000007 /* GymLockShieldActionExtension.swift in Sources */,
			);
			runOnlyForDeploymentPostprocessing = 0;
		};
		A50000000000000000000007 /* Sources */ = {
			isa = PBXSourcesBuildPhase;
			buildActionMask = 2147483647;
			files = (
				A40000000000000000000008 /* GymLockScreenTimeShared.swift in Sources */,
				A40000000000000000000009 /* GymLockShieldConfigExtension.swift in Sources */,
			);
			runOnlyForDeploymentPostprocessing = 0;
		};
		105FC5762E9EAD3100EA8BCF /* Sources */ = {
			isa = PBXSourcesBuildPhase;
			buildActionMask = 2147483647;
			files = (
				A40000000000000000000001 /* GymLockScreenTimeShared.swift in Sources */,
				A40000000000000000000002 /* GymLockFamilySelection.swift in Sources */,
			);
			runOnlyForDeploymentPostprocessing = 0;
		};
		105FC5852E9EAD3200EA8BCF /* Sources */ = {
			isa = PBXSourcesBuildPhase;
			buildActionMask = 2147483647;
			files = (
			);
			runOnlyForDeploymentPostprocessing = 0;
		};
		105FC58F2E9EAD3200EA8BCF /* Sources */ = {
			isa = PBXSourcesBuildPhase;
			buildActionMask = 2147483647;
			files = (
			);
			runOnlyForDeploymentPostprocessing = 0;
		};
/* End PBXSourcesBuildPhase section */

/* Begin PBXTargetDependency section */
		AA0000000000000000000001 /* PBXTargetDependency */ = {
			isa = PBXTargetDependency;
			target = A60000000000000000000001 /* GymLockNightMonitor */;
			targetProxy = A90000000000000000000001 /* PBXContainerItemProxy */;
		};
		AA0000000000000000000002 /* PBXTargetDependency */ = {
			isa = PBXTargetDependency;
			target = A60000000000000000000002 /* GymLockShieldAction */;
			targetProxy = A90000000000000000000002 /* PBXContainerItemProxy */;
		};
		AA0000000000000000000003 /* PBXTargetDependency */ = {
			isa = PBXTargetDependency;
			target = A60000000000000000000003 /* GymLockShieldConfig */;
			targetProxy = A90000000000000000000003 /* PBXContainerItemProxy */;
		};
		105FC58B2E9EAD3200EA8BCF /* PBXTargetDependency */ = {
			isa = PBXTargetDependency;
			target = 105FC5792E9EAD3100EA8BCF /* GymLock */;
			targetProxy = 105FC58A2E9EAD3200EA8BCF /* PBXContainerItemProxy */;
		};
		105FC5952E9EAD3200EA8BCF /* PBXTargetDependency */ = {
			isa = PBXTargetDependency;
			target = 105FC5792E9EAD3100EA8BCF /* GymLock */;
			targetProxy = 105FC5942E9EAD3200EA8BCF /* PBXContainerItemProxy */;
		};
/* End PBXTargetDependency section */

/* Begin XCBuildConfiguration section */
		A70000000000000000000001 /* Debug */ = {
			isa = XCBuildConfiguration;
			buildSettings = {
				APPLICATION_EXTENSION_API_ONLY = YES;
				CODE_SIGN_ENTITLEMENTS = GymLockNightMonitor/GymLockNightMonitor.entitlements;
				CODE_SIGN_STYLE = Automatic;
				CURRENT_PROJECT_VERSION = 1;
				DEVELOPMENT_TEAM = ZSNCA283H6;
				GENERATE_INFOPLIST_FILE = NO;
				INFOPLIST_FILE = GymLockNightMonitor/Info.plist;
				IPHONEOS_DEPLOYMENT_TARGET = 18.0;
				LD_RUNPATH_SEARCH_PATHS = (
					"$(inherited)",
					"@executable_path/Frameworks",
					"@executable_path/../../Frameworks",
				);
				MARKETING_VERSION = 1.0.0;
				PRODUCT_BUNDLE_IDENTIFIER = app.rork.b0c3y2ngorbbs63iwva1i.GymLockNightMonitor;
				PRODUCT_NAME = "$(TARGET_NAME)";
				SKIP_INSTALL = YES;
				SWIFT_APPROACHABLE_CONCURRENCY = YES;
				SWIFT_EMIT_LOC_STRINGS = YES;
				SWIFT_UPCOMING_FEATURE_MEMBER_IMPORT_VISIBILITY = YES;
				SWIFT_VERSION = 5.0;
				TARGETED_DEVICE_FAMILY = "1,2";
			};
			name = Debug;
		};
		A70000000000000000000002 /* Release */ = {
			isa = XCBuildConfiguration;
			buildSettings = {
				APPLICATION_EXTENSION_API_ONLY = YES;
				CODE_SIGN_ENTITLEMENTS = GymLockNightMonitor/GymLockNightMonitor.entitlements;
				CODE_SIGN_STYLE = Automatic;
				CURRENT_PROJECT_VERSION = 1;
				DEVELOPMENT_TEAM = ZSNCA283H6;
				GENERATE_INFOPLIST_FILE = NO;
				INFOPLIST_FILE = GymLockNightMonitor/Info.plist;
				IPHONEOS_DEPLOYMENT_TARGET = 18.0;
				LD_RUNPATH_SEARCH_PATHS = (
					"$(inherited)",
					"@executable_path/Frameworks",
					"@executable_path/../../Frameworks",
				);
				MARKETING_VERSION = 1.0.0;
				PRODUCT_BUNDLE_IDENTIFIER = app.rork.b0c3y2ngorbbs63iwva1i.GymLockNightMonitor;
				PRODUCT_NAME = "$(TARGET_NAME)";
				SKIP_INSTALL = YES;
				SWIFT_APPROACHABLE_CONCURRENCY = YES;
				SWIFT_EMIT_LOC_STRINGS = YES;
				SWIFT_UPCOMING_FEATURE_MEMBER_IMPORT_VISIBILITY = YES;
				SWIFT_VERSION = 5.0;
				TARGETED_DEVICE_FAMILY = "1,2";
			};
			name = Release;
		};
		A70000000000000000000003 /* Debug */ = {
			isa = XCBuildConfiguration;
			buildSettings = {
				APPLICATION_EXTENSION_API_ONLY = YES;
				CODE_SIGN_ENTITLEMENTS = GymLockShieldAction/GymLockShieldAction.entitlements;
				CODE_SIGN_STYLE = Automatic;
				CURRENT_PROJECT_VERSION = 1;
				DEVELOPMENT_TEAM = ZSNCA283H6;
				GENERATE_INFOPLIST_FILE = NO;
				INFOPLIST_FILE = GymLockShieldAction/Info.plist;
				IPHONEOS_DEPLOYMENT_TARGET = 18.0;
				LD_RUNPATH_SEARCH_PATHS = (
					"$(inherited)",
					"@executable_path/Frameworks",
					"@executable_path/../../Frameworks",
				);
				MARKETING_VERSION = 1.0.0;
				PRODUCT_BUNDLE_IDENTIFIER = app.rork.b0c3y2ngorbbs63iwva1i.GymLockShieldAction;
				PRODUCT_NAME = "$(TARGET_NAME)";
				SKIP_INSTALL = YES;
				SWIFT_APPROACHABLE_CONCURRENCY = YES;
				SWIFT_EMIT_LOC_STRINGS = YES;
				SWIFT_UPCOMING_FEATURE_MEMBER_IMPORT_VISIBILITY = YES;
				SWIFT_VERSION = 5.0;
				TARGETED_DEVICE_FAMILY = "1,2";
			};
			name = Debug;
		};
		A70000000000000000000004 /* Release */ = {
			isa = XCBuildConfiguration;
			buildSettings = {
				APPLICATION_EXTENSION_API_ONLY = YES;
				CODE_SIGN_ENTITLEMENTS = GymLockShieldAction/GymLockShieldAction.entitlements;
				CODE_SIGN_STYLE = Automatic;
				CURRENT_PROJECT_VERSION = 1;
				DEVELOPMENT_TEAM = ZSNCA283H6;
				GENERATE_INFOPLIST_FILE = NO;
				INFOPLIST_FILE = GymLockShieldAction/Info.plist;
				IPHONEOS_DEPLOYMENT_TARGET = 18.0;
				LD_RUNPATH_SEARCH_PATHS = (
					"$(inherited)",
					"@executable_path/Frameworks",
					"@executable_path/../../Frameworks",
				);
				MARKETING_VERSION = 1.0.0;
				PRODUCT_BUNDLE_IDENTIFIER = app.rork.b0c3y2ngorbbs63iwva1i.GymLockShieldAction;
				PRODUCT_NAME = "$(TARGET_NAME)";
				SKIP_INSTALL = YES;
				SWIFT_APPROACHABLE_CONCURRENCY = YES;
				SWIFT_EMIT_LOC_STRINGS = YES;
				SWIFT_UPCOMING_FEATURE_MEMBER_IMPORT_VISIBILITY = YES;
				SWIFT_VERSION = 5.0;
				TARGETED_DEVICE_FAMILY = "1,2";
			};
			name = Release;
		};
		A70000000000000000000005 /* Debug */ = {
			isa = XCBuildConfiguration;
			buildSettings = {
				APPLICATION_EXTENSION_API_ONLY = YES;
				CODE_SIGN_ENTITLEMENTS = GymLockShieldConfig/GymLockShieldConfig.entitlements;
				CODE_SIGN_STYLE = Automatic;
				CURRENT_PROJECT_VERSION = 1;
				DEVELOPMENT_TEAM = ZSNCA283H6;
				GENERATE_INFOPLIST_FILE = NO;
				INFOPLIST_FILE = GymLockShieldConfig/Info.plist;
				IPHONEOS_DEPLOYMENT_TARGET = 18.0;
				LD_RUNPATH_SEARCH_PATHS = (
					"$(inherited)",
					"@executable_path/Frameworks",
					"@executable_path/../../Frameworks",
				);
				MARKETING_VERSION = 1.0.0;
				PRODUCT_BUNDLE_IDENTIFIER = app.rork.b0c3y2ngorbbs63iwva1i.GymLockShieldConfig;
				PRODUCT_NAME = "$(TARGET_NAME)";
				SKIP_INSTALL = YES;
				SWIFT_APPROACHABLE_CONCURRENCY = YES;
				SWIFT_EMIT_LOC_STRINGS = YES;
				SWIFT_UPCOMING_FEATURE_MEMBER_IMPORT_VISIBILITY = YES;
				SWIFT_VERSION = 5.0;
				TARGETED_DEVICE_FAMILY = "1,2";
			};
			name = Debug;
		};
		A70000000000000000000006 /* Release */ = {
			isa = XCBuildConfiguration;
			buildSettings = {
				APPLICATION_EXTENSION_API_ONLY = YES;
				CODE_SIGN_ENTITLEMENTS = GymLockShieldConfig/GymLockShieldConfig.entitlements;
				CODE_SIGN_STYLE = Automatic;
				CURRENT_PROJECT_VERSION = 1;
				DEVELOPMENT_TEAM = ZSNCA283H6;
				GENERATE_INFOPLIST_FILE = NO;
				INFOPLIST_FILE = GymLockShieldConfig/Info.plist;
				IPHONEOS_DEPLOYMENT_TARGET = 18.0;
				LD_RUNPATH_SEARCH_PATHS = (
					"$(inherited)",
					"@executable_path/Frameworks",
					"@executable_path/../../Frameworks",
				);
				MARKETING_VERSION = 1.0.0;
				PRODUCT_BUNDLE_IDENTIFIER = app.rork.b0c3y2ngorbbs63iwva1i.GymLockShieldConfig;
				PRODUCT_NAME = "$(TARGET_NAME)";
				SKIP_INSTALL = YES;
				SWIFT_APPROACHABLE_CONCURRENCY = YES;
				SWIFT_EMIT_LOC_STRINGS = YES;
				SWIFT_UPCOMING_FEATURE_MEMBER_IMPORT_VISIBILITY = YES;
				SWIFT_VERSION = 5.0;
				TARGETED_DEVICE_FAMILY = "1,2";
			};
			name = Release;
		};
		105FC59B2E9EAD3200EA8BCF /* Debug */ = {
			isa = XCBuildConfiguration;
			buildSettings = {
				ALWAYS_SEARCH_USER_PATHS = NO;
				ASSETCATALOG_COMPILER_GENERATE_SWIFT_ASSET_SYMBOL_EXTENSIONS = YES;
				CLANG_ANALYZER_NONNULL = YES;
				CLANG_ANALYZER_NUMBER_OBJECT_CONVERSION = YES_AGGRESSIVE;
				CLANG_CXX_LANGUAGE_STANDARD = "gnu++20";
				CLANG_ENABLE_MODULES = YES;
				CLANG_ENABLE_OBJC_ARC = YES;
				CLANG_ENABLE_OBJC_WEAK = YES;
				CLANG_WARN_BLOCK_CAPTURE_AUTORELEASING = YES;
				CLANG_WARN_BOOL_CONVERSION = YES;
				CLANG_WARN_COMMA = YES;
				CLANG_WARN_CONSTANT_CONVERSION = YES;
				CLANG_WARN_DEPRECATED_OBJC_IMPLEMENTATIONS = YES;
				CLANG_WARN_DIRECT_OBJC_ISA_USAGE = YES_ERROR;
				CLANG_WARN_DOCUMENTATION_COMMENTS = YES;
				CLANG_WARN_EMPTY_BODY = YES;
				CLANG_WARN_ENUM_CONVERSION = YES;
				CLANG_WARN_INFINITE_RECURSION = YES;
				CLANG_WARN_INT_CONVERSION = YES;
				CLANG_WARN_NON_LITERAL_NULL_CONVERSION = YES;
				CLANG_WARN_OBJC_IMPLICIT_RETAIN_SELF = YES;
				CLANG_WARN_OBJC_LITERAL_CONVERSION = YES;
				CLANG_WARN_OBJC_ROOT_CLASS = YES_ERROR;
				CLANG_WARN_QUOTED_INCLUDE_IN_FRAMEWORK_HEADER = YES;
				CLANG_WARN_RANGE_LOOP_ANALYSIS = YES;
				CLANG_WARN_STRICT_PROTOTYPES = YES;
				CLANG_WARN_SUSPICIOUS_MOVE = YES;
				CLANG_WARN_UNGUARDED_AVAILABILITY = YES_AGGRESSIVE;
				CLANG_WARN_UNREACHABLE_CODE = YES;
				CLANG_WARN__DUPLICATE_METHOD_MATCH = YES;
				COPY_PHASE_STRIP = NO;
				DEBUG_INFORMATION_FORMAT = dwarf;
				DEVELOPMENT_TEAM = ZSNCA283H6;
				ENABLE_STRICT_OBJC_MSGSEND = YES;
				ENABLE_TESTABILITY = YES;
				ENABLE_USER_SCRIPT_SANDBOXING = YES;
				GCC_C_LANGUAGE_STANDARD = gnu17;
				GCC_DYNAMIC_NO_PIC = NO;
				GCC_NO_COMMON_BLOCKS = YES;
				GCC_OPTIMIZATION_LEVEL = 0;
				GCC_PREPROCESSOR_DEFINITIONS = (
					"DEBUG=1",
					"$(inherited)",
				);
				GCC_WARN_64_TO_32_BIT_CONVERSION = YES;
				GCC_WARN_ABOUT_RETURN_TYPE = YES_ERROR;
				GCC_WARN_UNDECLARED_SELECTOR = YES;
				GCC_WARN_UNINITIALIZED_AUTOS = YES_AGGRESSIVE;
				GCC_WARN_UNUSED_FUNCTION = YES;
				GCC_WARN_UNUSED_VARIABLE = YES;
				IPHONEOS_DEPLOYMENT_TARGET = 18.0;
				LOCALIZATION_PREFERS_STRING_CATALOGS = YES;
				MTL_ENABLE_DEBUG_INFO = INCLUDE_SOURCE;
				MTL_FAST_MATH = YES;
				ONLY_ACTIVE_ARCH = YES;
				SDKROOT = iphoneos;
				SWIFT_ACTIVE_COMPILATION_CONDITIONS = "DEBUG $(inherited)";
				SWIFT_OPTIMIZATION_LEVEL = "-Onone";
			};
			name = Debug;
		};
		105FC59C2E9EAD3200EA8BCF /* Release */ = {
			isa = XCBuildConfiguration;
			buildSettings = {
				ALWAYS_SEARCH_USER_PATHS = NO;
				ASSETCATALOG_COMPILER_GENERATE_SWIFT_ASSET_SYMBOL_EXTENSIONS = YES;
				CLANG_ANALYZER_NONNULL = YES;
				CLANG_ANALYZER_NUMBER_OBJECT_CONVERSION = YES_AGGRESSIVE;
				CLANG_CXX_LANGUAGE_STANDARD = "gnu++20";
				CLANG_ENABLE_MODULES = YES;
				CLANG_ENABLE_OBJC_ARC = YES;
				CLANG_ENABLE_OBJC_WEAK = YES;
				CLANG_WARN_BLOCK_CAPTURE_AUTORELEASING = YES;
				CLANG_WARN_BOOL_CONVERSION = YES;
				CLANG_WARN_COMMA = YES;
				CLANG_WARN_CONSTANT_CONVERSION = YES;
				CLANG_WARN_DEPRECATED_OBJC_IMPLEMENTATIONS = YES;
				CLANG_WARN_DIRECT_OBJC_ISA_USAGE = YES_ERROR;
				CLANG_WARN_DOCUMENTATION_COMMENTS = YES;
				CLANG_WARN_EMPTY_BODY = YES;
				CLANG_WARN_ENUM_CONVERSION = YES;
				CLANG_WARN_INFINITE_RECURSION = YES;
				CLANG_WARN_INT_CONVERSION = YES;
				CLANG_WARN_NON_LITERAL_NULL_CONVERSION = YES;
				CLANG_WARN_OBJC_IMPLICIT_RETAIN_SELF = YES;
				CLANG_WARN_OBJC_LITERAL_CONVERSION = YES;
				CLANG_WARN_OBJC_ROOT_CLASS = YES_ERROR;
				CLANG_WARN_QUOTED_INCLUDE_IN_FRAMEWORK_HEADER = YES;
				CLANG_WARN_RANGE_LOOP_ANALYSIS = YES;
				CLANG_WARN_STRICT_PROTOTYPES = YES;
				CLANG_WARN_SUSPICIOUS_MOVE = YES;
				CLANG_WARN_UNGUARDED_AVAILABILITY = YES_AGGRESSIVE;
				CLANG_WARN_UNREACHABLE_CODE = YES;
				CLANG_WARN__DUPLICATE_METHOD_MATCH = YES;
				COPY_PHASE_STRIP = NO;
				DEBUG_INFORMATION_FORMAT = "dwarf-with-dsym";
				DEVELOPMENT_TEAM = ZSNCA283H6;
				ENABLE_NS_ASSERTIONS = NO;
				ENABLE_STRICT_OBJC_MSGSEND = YES;
				ENABLE_USER_SCRIPT_SANDBOXING = YES;
				GCC_C_LANGUAGE_STANDARD = gnu17;
				GCC_NO_COMMON_BLOCKS = YES;
				GCC_WARN_64_TO_32_BIT_CONVERSION = YES;
				GCC_WARN_ABOUT_RETURN_TYPE = YES_ERROR;
				GCC_WARN_UNDECLARED_SELECTOR = YES;
				GCC_WARN_UNINITIALIZED_AUTOS = YES_AGGRESSIVE;
				GCC_WARN_UNUSED_FUNCTION = YES;
				GCC_WARN_UNUSED_VARIABLE = YES;
				IPHONEOS_DEPLOYMENT_TARGET = 18.0;
				LOCALIZATION_PREFERS_STRING_CATALOGS = YES;
				MTL_ENABLE_DEBUG_INFO = NO;
				MTL_FAST_MATH = YES;
				SDKROOT = iphoneos;
				SWIFT_COMPILATION_MODE = wholemodule;
				VALIDATE_PRODUCT = YES;
			};
			name = Release;
		};
		105FC59E2E9EAD3200EA8BCF /* Debug */ = {
			isa = XCBuildConfiguration;
			buildSettings = {
				ASSETCATALOG_COMPILER_APPICON_NAME = AppIcon;
				ASSETCATALOG_COMPILER_GLOBAL_ACCENT_COLOR_NAME = AccentColor;
				CODE_SIGN_ENTITLEMENTS = GymLock/GymLock.entitlements;
				CODE_SIGN_STYLE = Automatic;
				CURRENT_PROJECT_VERSION = 1;
				DEVELOPMENT_TEAM = ZSNCA283H6;
				ENABLE_PREVIEWS = YES;
				GENERATE_INFOPLIST_FILE = YES;
				INFOPLIST_KEY_ITSAppUsesNonExemptEncryption = NO;
				INFOPLIST_KEY_NSAlarmKitUsageDescription = "GymLock schedules your gym alarm so it rings through silent mode and Focus on the mornings you chose to train.";
				INFOPLIST_KEY_NSAppleMusicUsageDescription = "GymLock reads your music library so you can pick one of your own tracks as the alarm and trim the 30 seconds that wakes you up. Nothing is uploaded.";
				INFOPLIST_KEY_NSCameraUsageDescription = "GymLock uses the camera for your Day 0 progress photo, and for activation missions where you show your shoes, water or bag. Mission photos are checked on this iPhone and deleted straight afterwards.";
				INFOPLIST_KEY_NSHealthShareUsageDescription = "GymLock can read workouts Apple Health already recorded, so a gym session is recognised automatically. You never log anything, and GymLock never writes to Health.";
				INFOPLIST_KEY_NSHealthUpdateUsageDescription = "GymLock does not write anything to Apple Health. It only reads workouts that other apps and your watch have already recorded.";
				INFOPLIST_KEY_NSLocationAlwaysAndWhenInUseUsageDescription = "GymLock needs background location so it can notice you reached the gym and unlock your apps without you opening anything. It only ever checks against the one gym you chose.";
				INFOPLIST_KEY_NSLocationWhenInUseUsageDescription = "GymLock uses your location to know when you actually reached the gym, and to notice when you leave home on a gym morning.";
				INFOPLIST_KEY_NSMicrophoneUsageDescription = "GymLock records audio for a Day 0 video you choose to capture, and to hear you read your line during a mirror mission. Nothing is uploaded, and mission audio is never saved.";
				INFOPLIST_KEY_NSMotionUsageDescription = "GymLock counts your steps during an activation mission so it can tell you actually got moving.";
				INFOPLIST_KEY_NSPhotoLibraryAddUsageDescription = "GymLock saves a progress Story to your photo library only when you choose Save Image from the share sheet.";
				INFOPLIST_KEY_LSApplicationQueriesSchemes = "instagram-stories";
				INFOPLIST_KEY_NSSpeechRecognitionUsageDescription = "GymLock listens for the one line you read out loud during a mirror mission. Recognition runs on your device and the transcript is discarded straight afterwards.";
				INFOPLIST_KEY_UIApplicationSceneManifest_Generation = YES;
				INFOPLIST_KEY_UIBackgroundModes = "audio location remote-notification";
				INFOPLIST_KEY_UIApplicationSupportsIndirectInputEvents = YES;
				INFOPLIST_KEY_UILaunchScreen_Generation = YES;
				INFOPLIST_KEY_UISupportedInterfaceOrientations_iPad = "UIInterfaceOrientationPortrait UIInterfaceOrientationPortraitUpsideDown UIInterfaceOrientationLandscapeLeft UIInterfaceOrientationLandscapeRight";
				INFOPLIST_KEY_UISupportedInterfaceOrientations_iPhone = "UIInterfaceOrientationPortrait UIInterfaceOrientationLandscapeLeft UIInterfaceOrientationLandscapeRight";
				LD_RUNPATH_SEARCH_PATHS = (
					"$(inherited)",
					"@executable_path/Frameworks",
				);
				MARKETING_VERSION = 1.0.0;
				PRODUCT_BUNDLE_IDENTIFIER = app.rork.b0c3y2ngorbbs63iwva1i;
				PRODUCT_NAME = "$(TARGET_NAME)";
				STRING_CATALOG_GENERATE_SYMBOLS = YES;
				SWIFT_APPROACHABLE_CONCURRENCY = YES;
				SWIFT_DEFAULT_ACTOR_ISOLATION = MainActor;
				SWIFT_EMIT_LOC_STRINGS = YES;
				SWIFT_UPCOMING_FEATURE_MEMBER_IMPORT_VISIBILITY = YES;
				SWIFT_VERSION = 5.0;
				TARGETED_DEVICE_FAMILY = "1,2";
			};
			name = Debug;
		};
		105FC59F2E9EAD3200EA8BCF /* Release */ = {
			isa = XCBuildConfiguration;
			buildSettings = {
				ASSETCATALOG_COMPILER_APPICON_NAME = AppIcon;
				ASSETCATALOG_COMPILER_GLOBAL_ACCENT_COLOR_NAME = AccentColor;
				CODE_SIGN_ENTITLEMENTS = GymLock/GymLock.entitlements;
				CODE_SIGN_STYLE = Automatic;
				CURRENT_PROJECT_VERSION = 1;
				DEVELOPMENT_TEAM = ZSNCA283H6;
				ENABLE_PREVIEWS = YES;
				GENERATE_INFOPLIST_FILE = YES;
				INFOPLIST_KEY_ITSAppUsesNonExemptEncryption = NO;
				INFOPLIST_KEY_NSAlarmKitUsageDescription = "GymLock schedules your gym alarm so it rings through silent mode and Focus on the mornings you chose to train.";
				INFOPLIST_KEY_NSAppleMusicUsageDescription = "GymLock reads your music library so you can pick one of your own tracks as the alarm and trim the 30 seconds that wakes you up. Nothing is uploaded.";
				INFOPLIST_KEY_NSCameraUsageDescription = "GymLock uses the camera for your Day 0 progress photo, and for activation missions where you show your shoes, water or bag. Mission photos are checked on this iPhone and deleted straight afterwards.";
				INFOPLIST_KEY_NSHealthShareUsageDescription = "GymLock can read workouts Apple Health already recorded, so a gym session is recognised automatically. You never log anything, and GymLock never writes to Health.";
				INFOPLIST_KEY_NSHealthUpdateUsageDescription = "GymLock does not write anything to Apple Health. It only reads workouts that other apps and your watch have already recorded.";
				INFOPLIST_KEY_NSLocationAlwaysAndWhenInUseUsageDescription = "GymLock needs background location so it can notice you reached the gym and unlock your apps without you opening anything. It only ever checks against the one gym you chose.";
				INFOPLIST_KEY_NSLocationWhenInUseUsageDescription = "GymLock uses your location to know when you actually reached the gym, and to notice when you leave home on a gym morning.";
				INFOPLIST_KEY_NSMicrophoneUsageDescription = "GymLock records audio for a Day 0 video you choose to capture, and to hear you read your line during a mirror mission. Nothing is uploaded, and mission audio is never saved.";
				INFOPLIST_KEY_NSMotionUsageDescription = "GymLock counts your steps during an activation mission so it can tell you actually got moving.";
				INFOPLIST_KEY_NSPhotoLibraryAddUsageDescription = "GymLock saves a progress Story to your photo library only when you choose Save Image from the share sheet.";
				INFOPLIST_KEY_LSApplicationQueriesSchemes = "instagram-stories";
				INFOPLIST_KEY_NSSpeechRecognitionUsageDescription = "GymLock listens for the one line you read out loud during a mirror mission. Recognition runs on your device and the transcript is discarded straight afterwards.";
				INFOPLIST_KEY_UIApplicationSceneManifest_Generation = YES;
				INFOPLIST_KEY_UIBackgroundModes = "audio location remote-notification";
				INFOPLIST_KEY_UIApplicationSupportsIndirectInputEvents = YES;
				INFOPLIST_KEY_UILaunchScreen_Generation = YES;
				INFOPLIST_KEY_UISupportedInterfaceOrientations_iPad = "UIInterfaceOrientationPortrait UIInterfaceOrientationPortraitUpsideDown UIInterfaceOrientationLandscapeLeft UIInterfaceOrientationLandscapeRight";
				INFOPLIST_KEY_UISupportedInterfaceOrientations_iPhone = "UIInterfaceOrientationPortrait UIInterfaceOrientationLandscapeLeft UIInterfaceOrientationLandscapeRight";
				LD_RUNPATH_SEARCH_PATHS = (
					"$(inherited)",
					"@executable_path/Frameworks",
				);
				MARKETING_VERSION = 1.0.0;
				PRODUCT_BUNDLE_IDENTIFIER = app.rork.b0c3y2ngorbbs63iwva1i;
				PRODUCT_NAME = "$(TARGET_NAME)";
				STRING_CATALOG_GENERATE_SYMBOLS = YES;
				SWIFT_APPROACHABLE_CONCURRENCY = YES;
				SWIFT_DEFAULT_ACTOR_ISOLATION = MainActor;
				SWIFT_EMIT_LOC_STRINGS = YES;
				SWIFT_UPCOMING_FEATURE_MEMBER_IMPORT_VISIBILITY = YES;
				SWIFT_VERSION = 5.0;
				TARGETED_DEVICE_FAMILY = "1,2";
			};
			name = Release;
		};
		105FC5A12E9EAD3200EA8BCF /* Debug */ = {
			isa = XCBuildConfiguration;
			buildSettings = {
				BUNDLE_LOADER = "$(TEST_HOST)";
				CODE_SIGN_STYLE = Automatic;
				CURRENT_PROJECT_VERSION = 1;
				DEVELOPMENT_TEAM = "";
				GENERATE_INFOPLIST_FILE = YES;
				IPHONEOS_DEPLOYMENT_TARGET = 18.0;
				MARKETING_VERSION = 1.0.0;
				PRODUCT_BUNDLE_IDENTIFIER = app.rork.b0c3y2ngorbbs63iwva1i.tests;
				PRODUCT_NAME = "$(TARGET_NAME)";
				STRING_CATALOG_GENERATE_SYMBOLS = NO;
				SWIFT_APPROACHABLE_CONCURRENCY = YES;
				SWIFT_EMIT_LOC_STRINGS = NO;
				SWIFT_UPCOMING_FEATURE_MEMBER_IMPORT_VISIBILITY = YES;
				SWIFT_VERSION = 5.0;
				TARGETED_DEVICE_FAMILY = "1,2";
				TEST_HOST = "$(BUILT_PRODUCTS_DIR)/GymLock.app/$(BUNDLE_EXECUTABLE_FOLDER_PATH)/GymLock";
			};
			name = Debug;
		};
		105FC5A22E9EAD3200EA8BCF /* Release */ = {
			isa = XCBuildConfiguration;
			buildSettings = {
				BUNDLE_LOADER = "$(TEST_HOST)";
				CODE_SIGN_STYLE = Automatic;
				CURRENT_PROJECT_VERSION = 1;
				DEVELOPMENT_TEAM = "";
				GENERATE_INFOPLIST_FILE = YES;
				IPHONEOS_DEPLOYMENT_TARGET = 18.0;
				MARKETING_VERSION = 1.0.0;
				PRODUCT_BUNDLE_IDENTIFIER = app.rork.b0c3y2ngorbbs63iwva1i.tests;
				PRODUCT_NAME = "$(TARGET_NAME)";
				STRING_CATALOG_GENERATE_SYMBOLS = NO;
				SWIFT_APPROACHABLE_CONCURRENCY = YES;
				SWIFT_EMIT_LOC_STRINGS = NO;
				SWIFT_UPCOMING_FEATURE_MEMBER_IMPORT_VISIBILITY = YES;
				SWIFT_VERSION = 5.0;
				TARGETED_DEVICE_FAMILY = "1,2";
				TEST_HOST = "$(BUILT_PRODUCTS_DIR)/GymLock.app/$(BUNDLE_EXECUTABLE_FOLDER_PATH)/GymLock";
			};
			name = Release;
		};
		105FC5A42E9EAD3200EA8BCF /* Debug */ = {
			isa = XCBuildConfiguration;
			buildSettings = {
				CODE_SIGN_STYLE = Automatic;
				CURRENT_PROJECT_VERSION = 1;
				DEVELOPMENT_TEAM = "";
				GENERATE_INFOPLIST_FILE = YES;
				MARKETING_VERSION = 1.0.0;
				PRODUCT_BUNDLE_IDENTIFIER = app.rork.b0c3y2ngorbbs63iwva1i.uitests;
				PRODUCT_NAME = "$(TARGET_NAME)";
				STRING_CATALOG_GENERATE_SYMBOLS = NO;
				SWIFT_APPROACHABLE_CONCURRENCY = YES;
				SWIFT_EMIT_LOC_STRINGS = NO;
				SWIFT_UPCOMING_FEATURE_MEMBER_IMPORT_VISIBILITY = YES;
				SWIFT_VERSION = 5.0;
				TARGETED_DEVICE_FAMILY = "1,2";
				TEST_TARGET_NAME = GymLock;
			};
			name = Debug;
		};
		105FC5A52E9EAD3200EA8BCF /* Release */ = {
			isa = XCBuildConfiguration;
			buildSettings = {
				CODE_SIGN_STYLE = Automatic;
				CURRENT_PROJECT_VERSION = 1;
				DEVELOPMENT_TEAM = "";
				GENERATE_INFOPLIST_FILE = YES;
				MARKETING_VERSION = 1.0.0;
				PRODUCT_BUNDLE_IDENTIFIER = app.rork.b0c3y2ngorbbs63iwva1i.uitests;
				PRODUCT_NAME = "$(TARGET_NAME)";
				STRING_CATALOG_GENERATE_SYMBOLS = NO;
				SWIFT_APPROACHABLE_CONCURRENCY = YES;
				SWIFT_EMIT_LOC_STRINGS = NO;
				SWIFT_UPCOMING_FEATURE_MEMBER_IMPORT_VISIBILITY = YES;
				SWIFT_VERSION = 5.0;
				TARGETED_DEVICE_FAMILY = "1,2";
				TEST_TARGET_NAME = GymLock;
			};
			name = Release;
		};
/* End XCBuildConfiguration section */

/* Begin XCConfigurationList section */
		A80000000000000000000001 /* Build configuration list for PBXNativeTarget "GymLockNightMonitor" */ = {
			isa = XCConfigurationList;
			buildConfigurations = (
				A70000000000000000000001 /* Debug */,
				A70000000000000000000002 /* Release */,
			);
			defaultConfigurationIsVisible = 0;
			defaultConfigurationName = Release;
		};
		A80000000000000000000002 /* Build configuration list for PBXNativeTarget "GymLockShieldAction" */ = {
			isa = XCConfigurationList;
			buildConfigurations = (
				A70000000000000000000003 /* Debug */,
				A70000000000000000000004 /* Release */,
			);
			defaultConfigurationIsVisible = 0;
			defaultConfigurationName = Release;
		};
		A80000000000000000000003 /* Build configuration list for PBXNativeTarget "GymLockShieldConfig" */ = {
			isa = XCConfigurationList;
			buildConfigurations = (
				A70000000000000000000005 /* Debug */,
				A70000000000000000000006 /* Release */,
			);
			defaultConfigurationIsVisible = 0;
			defaultConfigurationName = Release;
		};
		105FC5752E9EAD3100EA8BCF /* Build configuration list for PBXProject "GymLock" */ = {
			isa = XCConfigurationList;
			buildConfigurations = (
				105FC59B2E9EAD3200EA8BCF /* Debug */,
				105FC59C2E9EAD3200EA8BCF /* Release */,
			);
			defaultConfigurationIsVisible = 0;
			defaultConfigurationName = Release;
		};
		105FC59D2E9EAD3200EA8BCF /* Build configuration list for PBXNativeTarget "GymLock" */ = {
			isa = XCConfigurationList;
			buildConfigurations = (
				105FC59E2E9EAD3200EA8BCF /* Debug */,
				105FC59F2E9EAD3200EA8BCF /* Release */,
			);
			defaultConfigurationIsVisible = 0;
			defaultConfigurationName = Release;
		};
		105FC5A02E9EAD3200EA8BCF /* Build configuration list for PBXNativeTarget "GymLockTests" */ = {
			isa = XCConfigurationList;
			buildConfigurations = (
				105FC5A12E9EAD3200EA8BCF /* Debug */,
				105FC5A22E9EAD3200EA8BCF /* Release */,
			);
			defaultConfigurationIsVisible = 0;
			defaultConfigurationName = Release;
		};
		105FC5A32E9EAD3200EA8BCF /* Build configuration list for PBXNativeTarget "GymLockUITests" */ = {
			isa = XCConfigurationList;
			buildConfigurations = (
				105FC5A42E9EAD3200EA8BCF /* Debug */,
				105FC5A52E9EAD3200EA8BCF /* Release */,
			);
			defaultConfigurationIsVisible = 0;
			defaultConfigurationName = Release;
		};
/* End XCConfigurationList section */

/* Begin XCRemoteSwiftPackageReference section */
		XX6657FBB816B04B4E1648XX /* XCRemoteSwiftPackageReference "lottie-ios" */ = {
			isa = XCRemoteSwiftPackageReference;
			repositoryURL = "https://github.com/airbnb/lottie-ios.git";
			requirement = {
				kind = upToNextMajorVersion;
				minimumVersion = 4.5.0;
			};
		};
/* End XCRemoteSwiftPackageReference section */

/* Begin XCSwiftPackageProductDependency section */
		XX30BBD55DD0E71B396877XX /* Lottie */ = {
			isa = XCSwiftPackageProductDependency;
			package = XX6657FBB816B04B4E1648XX /* XCRemoteSwiftPackageReference "lottie-ios" */;
			productName = Lottie;
		};
/* End XCSwiftPackageProductDependency section */
	};
	rootObject = 105FC5722E9EAD3100EA8BCF /* Project object */;
}
